
Microsoft Visual Studio Solution File, Format Version 12.00
# Visual Studio Version 17
VisualStudioVersion = 17.8.34330.188
MinimumVisualStudioVersion = 10.0.40219.1
Project("{FAE04EC0-301F-11D3-BF4B-00C04F79EFBC}") = "Primary Constructors", "Primary Constructors\Primary Constructors.csproj", "{818C816B-8B13-4796-BE7C-A061519ADAAA}"
EndProject
Global
	GlobalSection(SolutionConfigurationPlatforms) = preSolution
		Debug|Any CPU = Debug|Any CPU
		Release|Any CPU = Release|Any CPU
	EndGlobalSection
	GlobalSection(ProjectConfigurationPlatforms) = postSolution
		{818C816B-8B13-4796-BE7C-A061519ADAAA}.Debug|Any CPU.ActiveCfg = Debug|Any CPU
		{818C816B-8B13-4796-BE7C-A061519ADAAA}.Debug|Any CPU.Build.0 = Debug|Any CPU
		{818C816B-8B13-4796-BE7C-A061519ADAAA}.Release|Any CPU.ActiveCfg = Release|Any CPU
		{818C816B-8B13-4796-BE7C-A061519ADAAA}.Release|Any CPU.Build.0 = Release|Any CPU
	EndGlobalSection
	GlobalSection(SolutionProperties) = preSolution
		HideSolutionNode = FALSE
	EndGlobalSection
	GlobalSection(ExtensibilityGlobals) = postSolution
		SolutionGuid = {18A60B5C-D2E1-4A71-94AA-008666EA7040}
	EndGlobalSection
EndGlobal
