
Microsoft Visual Studio Solution File, Format Version 12.00
# Visual Studio Version 17
VisualStudioVersion = 17.9.34723.18
MinimumVisualStudioVersion = 10.0.40219.1
Project("{2150E333-8FDC-42A3-9474-1A3956D46DE8}") = "A - Nullable References Types", "A - Nullable References Types", "{C1106A0A-50F5-4AF9-82B3-DBA9D9921C2B}"
EndProject
Project("{2150E333-8FDC-42A3-9474-1A3956D46DE8}") = "B - Pattern Matching and Switch Expressions", "B - Pattern Matching and Switch Expressions", "{36AE9FAC-5B85-41AA-A45D-55839029B45A}"
EndProject
Project("{2150E333-8FDC-42A3-9474-1A3956D46DE8}") = "C - Record Classes and Structs", "C - Record Classes and Structs", "{FB8BDFC4-ADD1-4A1A-935A-C4035C430752}"
EndProject
Project("{9A19103F-16F7-4668-BE54-9A1E7A4F7556}") = "05 - Nullable Reference Types", "A\05 - Nullable Reference Types\05 - Nullable Reference Types.csproj", "{6F3C12FC-9FB7-4D3E-BFEF-CCBD1165C0C8}"
EndProject
Project("{9A19103F-16F7-4668-BE54-9A1E7A4F7556}") = "09 - Pattern Matching with is", "B\09 - Pattern Matching with is\09 - Pattern Matching with is.csproj", "{2048E2E7-8748-4A77-B54B-1456F484691F}"
EndProject
Project("{9A19103F-16F7-4668-BE54-9A1E7A4F7556}") = "Data", "Data\Data.csproj", "{0E0CAB86-0932-46FF-B760-CCB5BA85BC5C}"
EndProject
Project("{9A19103F-16F7-4668-BE54-9A1E7A4F7556}") = "10 - Type Switch with Pattern Matching", "B\10 - Type Switch with Pattern Matching\10 - Type Switch with Pattern Matching.csproj", "{98B90D36-B8F7-4BEC-B6A9-307A63860831}"
EndProject
Project("{9A19103F-16F7-4668-BE54-9A1E7A4F7556}") = "11 - Switch Expression Before", "B\11 - Switch Expression Before\11 - Switch Expression Before.csproj", "{87C6EFB0-50A1-4D89-87C2-5079F222EAEA}"
EndProject
Project("{9A19103F-16F7-4668-BE54-9A1E7A4F7556}") = "13 - Property Patterns", "B\13 - Property Patterns\13 - Property Patterns.csproj", "{53A1EDAA-7C05-4E00-BC5B-E3C033A72801}"
EndProject
Project("{9A19103F-16F7-4668-BE54-9A1E7A4F7556}") = "14 - Property Pattern Variations", "B\14 - Property Pattern Variations\14 - Property Pattern Variations.csproj", "{3A936713-AB2E-43E7-BC7E-001702E63BF0}"
EndProject
Project("{9A19103F-16F7-4668-BE54-9A1E7A4F7556}") = "15 - Tuple Patterns", "B\15 - Tuple Patterns\15 - Tuple Patterns.csproj", "{C122A3EA-E1B5-4BED-94CC-033CAFCF76CD}"
EndProject
Project("{9A19103F-16F7-4668-BE54-9A1E7A4F7556}") = "16 - Positional Patterns", "B\16 - Positional Patterns\16 - Positional Patterns.csproj", "{3DEC9CA1-7559-49D5-8AEA-32A9D8504F0E}"
EndProject
Project("{9A19103F-16F7-4668-BE54-9A1E7A4F7556}") = "18 - Type Patterns", "B\18 - Type Patterns\18 - Type Patterns.csproj", "{DE160DE7-B663-4825-81B3-2C2ECB5F18A0}"
EndProject
Project("{9A19103F-16F7-4668-BE54-9A1E7A4F7556}") = "19 - Negation Patterns", "B\19 - Negation Patterns\19 - Negation Patterns.csproj", "{EFC9BD87-31DB-4BC8-878F-1150EFEAC47A}"
EndProject
Project("{9A19103F-16F7-4668-BE54-9A1E7A4F7556}") = "20 - Parenthesized Patterns", "B\20 - Parenthesized Patterns\20 - Parenthesized Patterns.csproj", "{10EF6941-47FC-445D-A81A-D4D69B520207}"
EndProject
Project("{9A19103F-16F7-4668-BE54-9A1E7A4F7556}") = "21 - Conjunctive Patterns", "B\21 - Conjunctive Patterns\21 - Conjunctive Patterns.csproj", "{ECDC96DC-5616-45B1-B47E-F85EB62B0BB3}"
EndProject
Project("{9A19103F-16F7-4668-BE54-9A1E7A4F7556}") = "22 - Disjunctive Patterns", "B\22 - Disjunctive Patterns\22 - Disjunctive Patterns.csproj", "{61A80677-1E65-4568-80BE-AA34A1036DD6}"
EndProject
Project("{9A19103F-16F7-4668-BE54-9A1E7A4F7556}") = "23 - Relational Patterns", "B\23 - Relational Patterns\23 - Relational Patterns.csproj", "{C4C02114-10E8-4724-8AF6-C0EE2366A238}"
EndProject
Project("{9A19103F-16F7-4668-BE54-9A1E7A4F7556}") = "25 - Extended Property Pattern Begin", "B\25 - Extended Property Pattern Begin\25 - Extended Property Pattern Begin.csproj", "{41436714-BC24-462B-A976-44083184903D}"
EndProject
Project("{9A19103F-16F7-4668-BE54-9A1E7A4F7556}") = "25 - Extended Property Pattern Complete", "B\25 - Extended Property Pattern Complete\25 - Extended Property Pattern Complete.csproj", "{6A3F2C36-16DF-40CD-AA16-C577AFF9709B}"
EndProject
Project("{9A19103F-16F7-4668-BE54-9A1E7A4F7556}") = "29 - Init-only Setters Before", "C\29 - Init-only Setters Before\29 - Init-only Setters Before.csproj", "{B0BC82C8-2720-4442-AB29-E153F81C1825}"
EndProject
Project("{9A19103F-16F7-4668-BE54-9A1E7A4F7556}") = "29 - Init-only Setters Complete", "C\29 - Init-only Setters Complete\29 - Init-only Setters Complete.csproj", "{E2BAA354-E551-4F53-B1E2-060CAF8A1FC6}"
EndProject
Project("{9A19103F-16F7-4668-BE54-9A1E7A4F7556}") = "30 - Records Before", "C\30 - Records Before\30 - Records Before.csproj", "{C99172A0-A011-49E2-B20E-16C9A656DE04}"
EndProject
Project("{9A19103F-16F7-4668-BE54-9A1E7A4F7556}") = "30 - Records Complete", "C\30 - Records Complete\30 - Records Complete.csproj", "{38784B7E-F7DA-4F25-8365-38B44DEE0541}"
EndProject
Project("{9A19103F-16F7-4668-BE54-9A1E7A4F7556}") = "31 - Built-in Features of Records", "C\31 - Built-in Features of Records\31 - Built-in Features of Records.csproj", "{26FDE320-0B84-4C20-8C1A-238D73FC81C5}"
EndProject
Project("{9A19103F-16F7-4668-BE54-9A1E7A4F7556}") = "33 - Records and Inheritance", "C\33 - Records and Inheritance\33 - Records and Inheritance.csproj", "{342CB538-E7DE-447F-86D2-54B7D6DED9D2}"
EndProject
Project("{9A19103F-16F7-4668-BE54-9A1E7A4F7556}") = "36 - Record Structs Begin", "C\36 - Record Structs Begin\36 - Record Structs Begin.csproj", "{9A722D94-3CD2-4C63-A944-ABC06B8D6CBC}"
EndProject
Project("{9A19103F-16F7-4668-BE54-9A1E7A4F7556}") = "36 - Record Structs Complete", "C\36 - Record Structs Complete\36 - Record Structs Complete.csproj", "{F3E1CA42-0622-4F5F-B929-9BA2C005103A}"
EndProject
Project("{9A19103F-16F7-4668-BE54-9A1E7A4F7556}") = "37 - Comments on Record Structs", "C\37 - Comments on Record Structs\37 - Comments on Record Structs.csproj", "{3460DB67-F4FC-4FD6-811F-1638CB03BD02}"
EndProject
Project("{9A19103F-16F7-4668-BE54-9A1E7A4F7556}") = "38 - With Expressions", "C\38 - With Expressions\38 - With Expressions.csproj", "{6BF44159-9BAA-4EC9-B436-74CAB786DA61}"
EndProject
Project("{2150E333-8FDC-42A3-9474-1A3956D46DE8}") = "D - Indices and Ranges", "D - Indices and Ranges", "{03B06D69-1315-4183-BF0A-4F13B86536E1}"
EndProject
Project("{9A19103F-16F7-4668-BE54-9A1E7A4F7556}") = "01 - Indices", "D\01 - Indices\01 - Indices.csproj", "{17024338-280E-4618-9220-743E98580F7D}"
EndProject
Project("{9A19103F-16F7-4668-BE54-9A1E7A4F7556}") = "02 - Ranges", "D\02 - Ranges\02 - Ranges.csproj", "{4F7B2901-E5EC-4E42-96C7-A27B3673B693}"
EndProject
Project("{2150E333-8FDC-42A3-9474-1A3956D46DE8}") = "E - Readonly Features", "E - Readonly Features", "{E4E35705-5DB4-447C-92CE-A7BAF87AEF7B}"
EndProject
Project("{9A19103F-16F7-4668-BE54-9A1E7A4F7556}") = "01 - Parameter Modifiers", "E\01 - Parameter Modifiers\01 - Parameter Modifiers.csproj", "{4F1C5E71-CF04-4DD3-AFD2-71216F6646DC}"
EndProject
Project("{9A19103F-16F7-4668-BE54-9A1E7A4F7556}") = "02 - In", "E\02 - In\02 - In.csproj", "{0F2B2ACE-CB79-40BF-8460-494FC4744CFD}"
EndProject
Global
	GlobalSection(SolutionConfigurationPlatforms) = preSolution
		Debug|Any CPU = Debug|Any CPU
		Release|Any CPU = Release|Any CPU
	EndGlobalSection
	GlobalSection(ProjectConfigurationPlatforms) = postSolution
		{6F3C12FC-9FB7-4D3E-BFEF-CCBD1165C0C8}.Debug|Any CPU.ActiveCfg = Debug|Any CPU
		{6F3C12FC-9FB7-4D3E-BFEF-CCBD1165C0C8}.Debug|Any CPU.Build.0 = Debug|Any CPU
		{6F3C12FC-9FB7-4D3E-BFEF-CCBD1165C0C8}.Release|Any CPU.ActiveCfg = Release|Any CPU
		{6F3C12FC-9FB7-4D3E-BFEF-CCBD1165C0C8}.Release|Any CPU.Build.0 = Release|Any CPU
		{2048E2E7-8748-4A77-B54B-1456F484691F}.Debug|Any CPU.ActiveCfg = Debug|Any CPU
		{2048E2E7-8748-4A77-B54B-1456F484691F}.Debug|Any CPU.Build.0 = Debug|Any CPU
		{2048E2E7-8748-4A77-B54B-1456F484691F}.Release|Any CPU.ActiveCfg = Release|Any CPU
		{2048E2E7-8748-4A77-B54B-1456F484691F}.Release|Any CPU.Build.0 = Release|Any CPU
		{0E0CAB86-0932-46FF-B760-CCB5BA85BC5C}.Debug|Any CPU.ActiveCfg = Debug|Any CPU
		{0E0CAB86-0932-46FF-B760-CCB5BA85BC5C}.Debug|Any CPU.Build.0 = Debug|Any CPU
		{0E0CAB86-0932-46FF-B760-CCB5BA85BC5C}.Release|Any CPU.ActiveCfg = Release|Any CPU
		{0E0CAB86-0932-46FF-B760-CCB5BA85BC5C}.Release|Any CPU.Build.0 = Release|Any CPU
		{98B90D36-B8F7-4BEC-B6A9-307A63860831}.Debug|Any CPU.ActiveCfg = Debug|Any CPU
		{98B90D36-B8F7-4BEC-B6A9-307A63860831}.Debug|Any CPU.Build.0 = Debug|Any CPU
		{98B90D36-B8F7-4BEC-B6A9-307A63860831}.Release|Any CPU.ActiveCfg = Release|Any CPU
		{98B90D36-B8F7-4BEC-B6A9-307A63860831}.Release|Any CPU.Build.0 = Release|Any CPU
		{87C6EFB0-50A1-4D89-87C2-5079F222EAEA}.Debug|Any CPU.ActiveCfg = Debug|Any CPU
		{87C6EFB0-50A1-4D89-87C2-5079F222EAEA}.Debug|Any CPU.Build.0 = Debug|Any CPU
		{87C6EFB0-50A1-4D89-87C2-5079F222EAEA}.Release|Any CPU.ActiveCfg = Release|Any CPU
		{87C6EFB0-50A1-4D89-87C2-5079F222EAEA}.Release|Any CPU.Build.0 = Release|Any CPU
		{53A1EDAA-7C05-4E00-BC5B-E3C033A72801}.Debug|Any CPU.ActiveCfg = Debug|Any CPU
		{53A1EDAA-7C05-4E00-BC5B-E3C033A72801}.Debug|Any CPU.Build.0 = Debug|Any CPU
		{53A1EDAA-7C05-4E00-BC5B-E3C033A72801}.Release|Any CPU.ActiveCfg = Release|Any CPU
		{53A1EDAA-7C05-4E00-BC5B-E3C033A72801}.Release|Any CPU.Build.0 = Release|Any CPU
		{3A936713-AB2E-43E7-BC7E-001702E63BF0}.Debug|Any CPU.ActiveCfg = Debug|Any CPU
		{3A936713-AB2E-43E7-BC7E-001702E63BF0}.Debug|Any CPU.Build.0 = Debug|Any CPU
		{3A936713-AB2E-43E7-BC7E-001702E63BF0}.Release|Any CPU.ActiveCfg = Release|Any CPU
		{3A936713-AB2E-43E7-BC7E-001702E63BF0}.Release|Any CPU.Build.0 = Release|Any CPU
		{C122A3EA-E1B5-4BED-94CC-033CAFCF76CD}.Debug|Any CPU.ActiveCfg = Debug|Any CPU
		{C122A3EA-E1B5-4BED-94CC-033CAFCF76CD}.Debug|Any CPU.Build.0 = Debug|Any CPU
		{C122A3EA-E1B5-4BED-94CC-033CAFCF76CD}.Release|Any CPU.ActiveCfg = Release|Any CPU
		{C122A3EA-E1B5-4BED-94CC-033CAFCF76CD}.Release|Any CPU.Build.0 = Release|Any CPU
		{3DEC9CA1-7559-49D5-8AEA-32A9D8504F0E}.Debug|Any CPU.ActiveCfg = Debug|Any CPU
		{3DEC9CA1-7559-49D5-8AEA-32A9D8504F0E}.Debug|Any CPU.Build.0 = Debug|Any CPU
		{3DEC9CA1-7559-49D5-8AEA-32A9D8504F0E}.Release|Any CPU.ActiveCfg = Release|Any CPU
		{3DEC9CA1-7559-49D5-8AEA-32A9D8504F0E}.Release|Any CPU.Build.0 = Release|Any CPU
		{DE160DE7-B663-4825-81B3-2C2ECB5F18A0}.Debug|Any CPU.ActiveCfg = Debug|Any CPU
		{DE160DE7-B663-4825-81B3-2C2ECB5F18A0}.Debug|Any CPU.Build.0 = Debug|Any CPU
		{DE160DE7-B663-4825-81B3-2C2ECB5F18A0}.Release|Any CPU.ActiveCfg = Release|Any CPU
		{DE160DE7-B663-4825-81B3-2C2ECB5F18A0}.Release|Any CPU.Build.0 = Release|Any CPU
		{EFC9BD87-31DB-4BC8-878F-1150EFEAC47A}.Debug|Any CPU.ActiveCfg = Debug|Any CPU
		{EFC9BD87-31DB-4BC8-878F-1150EFEAC47A}.Debug|Any CPU.Build.0 = Debug|Any CPU
		{EFC9BD87-31DB-4BC8-878F-1150EFEAC47A}.Release|Any CPU.ActiveCfg = Release|Any CPU
		{EFC9BD87-31DB-4BC8-878F-1150EFEAC47A}.Release|Any CPU.Build.0 = Release|Any CPU
		{10EF6941-47FC-445D-A81A-D4D69B520207}.Debug|Any CPU.ActiveCfg = Debug|Any CPU
		{10EF6941-47FC-445D-A81A-D4D69B520207}.Debug|Any CPU.Build.0 = Debug|Any CPU
		{10EF6941-47FC-445D-A81A-D4D69B520207}.Release|Any CPU.ActiveCfg = Release|Any CPU
		{10EF6941-47FC-445D-A81A-D4D69B520207}.Release|Any CPU.Build.0 = Release|Any CPU
		{ECDC96DC-5616-45B1-B47E-F85EB62B0BB3}.Debug|Any CPU.ActiveCfg = Debug|Any CPU
		{ECDC96DC-5616-45B1-B47E-F85EB62B0BB3}.Debug|Any CPU.Build.0 = Debug|Any CPU
		{ECDC96DC-5616-45B1-B47E-F85EB62B0BB3}.Release|Any CPU.ActiveCfg = Release|Any CPU
		{ECDC96DC-5616-45B1-B47E-F85EB62B0BB3}.Release|Any CPU.Build.0 = Release|Any CPU
		{61A80677-1E65-4568-80BE-AA34A1036DD6}.Debug|Any CPU.ActiveCfg = Debug|Any CPU
		{61A80677-1E65-4568-80BE-AA34A1036DD6}.Debug|Any CPU.Build.0 = Debug|Any CPU
		{61A80677-1E65-4568-80BE-AA34A1036DD6}.Release|Any CPU.ActiveCfg = Release|Any CPU
		{61A80677-1E65-4568-80BE-AA34A1036DD6}.Release|Any CPU.Build.0 = Release|Any CPU
		{C4C02114-10E8-4724-8AF6-C0EE2366A238}.Debug|Any CPU.ActiveCfg = Debug|Any CPU
		{C4C02114-10E8-4724-8AF6-C0EE2366A238}.Debug|Any CPU.Build.0 = Debug|Any CPU
		{C4C02114-10E8-4724-8AF6-C0EE2366A238}.Release|Any CPU.ActiveCfg = Release|Any CPU
		{C4C02114-10E8-4724-8AF6-C0EE2366A238}.Release|Any CPU.Build.0 = Release|Any CPU
		{41436714-BC24-462B-A976-44083184903D}.Debug|Any CPU.ActiveCfg = Debug|Any CPU
		{41436714-BC24-462B-A976-44083184903D}.Debug|Any CPU.Build.0 = Debug|Any CPU
		{41436714-BC24-462B-A976-44083184903D}.Release|Any CPU.ActiveCfg = Release|Any CPU
		{41436714-BC24-462B-A976-44083184903D}.Release|Any CPU.Build.0 = Release|Any CPU
		{6A3F2C36-16DF-40CD-AA16-C577AFF9709B}.Debug|Any CPU.ActiveCfg = Debug|Any CPU
		{6A3F2C36-16DF-40CD-AA16-C577AFF9709B}.Debug|Any CPU.Build.0 = Debug|Any CPU
		{6A3F2C36-16DF-40CD-AA16-C577AFF9709B}.Release|Any CPU.ActiveCfg = Release|Any CPU
		{6A3F2C36-16DF-40CD-AA16-C577AFF9709B}.Release|Any CPU.Build.0 = Release|Any CPU
		{B0BC82C8-2720-4442-AB29-E153F81C1825}.Debug|Any CPU.ActiveCfg = Debug|Any CPU
		{B0BC82C8-2720-4442-AB29-E153F81C1825}.Debug|Any CPU.Build.0 = Debug|Any CPU
		{B0BC82C8-2720-4442-AB29-E153F81C1825}.Release|Any CPU.ActiveCfg = Release|Any CPU
		{B0BC82C8-2720-4442-AB29-E153F81C1825}.Release|Any CPU.Build.0 = Release|Any CPU
		{E2BAA354-E551-4F53-B1E2-060CAF8A1FC6}.Debug|Any CPU.ActiveCfg = Debug|Any CPU
		{E2BAA354-E551-4F53-B1E2-060CAF8A1FC6}.Debug|Any CPU.Build.0 = Debug|Any CPU
		{E2BAA354-E551-4F53-B1E2-060CAF8A1FC6}.Release|Any CPU.ActiveCfg = Release|Any CPU
		{E2BAA354-E551-4F53-B1E2-060CAF8A1FC6}.Release|Any CPU.Build.0 = Release|Any CPU
		{C99172A0-A011-49E2-B20E-16C9A656DE04}.Debug|Any CPU.ActiveCfg = Debug|Any CPU
		{C99172A0-A011-49E2-B20E-16C9A656DE04}.Debug|Any CPU.Build.0 = Debug|Any CPU
		{C99172A0-A011-49E2-B20E-16C9A656DE04}.Release|Any CPU.ActiveCfg = Release|Any CPU
		{C99172A0-A011-49E2-B20E-16C9A656DE04}.Release|Any CPU.Build.0 = Release|Any CPU
		{38784B7E-F7DA-4F25-8365-38B44DEE0541}.Debug|Any CPU.ActiveCfg = Debug|Any CPU
		{38784B7E-F7DA-4F25-8365-38B44DEE0541}.Debug|Any CPU.Build.0 = Debug|Any CPU
		{38784B7E-F7DA-4F25-8365-38B44DEE0541}.Release|Any CPU.ActiveCfg = Release|Any CPU
		{38784B7E-F7DA-4F25-8365-38B44DEE0541}.Release|Any CPU.Build.0 = Release|Any CPU
		{26FDE320-0B84-4C20-8C1A-238D73FC81C5}.Debug|Any CPU.ActiveCfg = Debug|Any CPU
		{26FDE320-0B84-4C20-8C1A-238D73FC81C5}.Debug|Any CPU.Build.0 = Debug|Any CPU
		{26FDE320-0B84-4C20-8C1A-238D73FC81C5}.Release|Any CPU.ActiveCfg = Release|Any CPU
		{26FDE320-0B84-4C20-8C1A-238D73FC81C5}.Release|Any CPU.Build.0 = Release|Any CPU
		{342CB538-E7DE-447F-86D2-54B7D6DED9D2}.Debug|Any CPU.ActiveCfg = Debug|Any CPU
		{342CB538-E7DE-447F-86D2-54B7D6DED9D2}.Debug|Any CPU.Build.0 = Debug|Any CPU
		{342CB538-E7DE-447F-86D2-54B7D6DED9D2}.Release|Any CPU.ActiveCfg = Release|Any CPU
		{342CB538-E7DE-447F-86D2-54B7D6DED9D2}.Release|Any CPU.Build.0 = Release|Any CPU
		{9A722D94-3CD2-4C63-A944-ABC06B8D6CBC}.Debug|Any CPU.ActiveCfg = Debug|Any CPU
		{9A722D94-3CD2-4C63-A944-ABC06B8D6CBC}.Debug|Any CPU.Build.0 = Debug|Any CPU
		{9A722D94-3CD2-4C63-A944-ABC06B8D6CBC}.Release|Any CPU.ActiveCfg = Release|Any CPU
		{9A722D94-3CD2-4C63-A944-ABC06B8D6CBC}.Release|Any CPU.Build.0 = Release|Any CPU
		{F3E1CA42-0622-4F5F-B929-9BA2C005103A}.Debug|Any CPU.ActiveCfg = Debug|Any CPU
		{F3E1CA42-0622-4F5F-B929-9BA2C005103A}.Debug|Any CPU.Build.0 = Debug|Any CPU
		{F3E1CA42-0622-4F5F-B929-9BA2C005103A}.Release|Any CPU.ActiveCfg = Release|Any CPU
		{F3E1CA42-0622-4F5F-B929-9BA2C005103A}.Release|Any CPU.Build.0 = Release|Any CPU
		{3460DB67-F4FC-4FD6-811F-1638CB03BD02}.Debug|Any CPU.ActiveCfg = Debug|Any CPU
		{3460DB67-F4FC-4FD6-811F-1638CB03BD02}.Debug|Any CPU.Build.0 = Debug|Any CPU
		{3460DB67-F4FC-4FD6-811F-1638CB03BD02}.Release|Any CPU.ActiveCfg = Release|Any CPU
		{3460DB67-F4FC-4FD6-811F-1638CB03BD02}.Release|Any CPU.Build.0 = Release|Any CPU
		{6BF44159-9BAA-4EC9-B436-74CAB786DA61}.Debug|Any CPU.ActiveCfg = Debug|Any CPU
		{6BF44159-9BAA-4EC9-B436-74CAB786DA61}.Debug|Any CPU.Build.0 = Debug|Any CPU
		{6BF44159-9BAA-4EC9-B436-74CAB786DA61}.Release|Any CPU.ActiveCfg = Release|Any CPU
		{6BF44159-9BAA-4EC9-B436-74CAB786DA61}.Release|Any CPU.Build.0 = Release|Any CPU
		{17024338-280E-4618-9220-743E98580F7D}.Debug|Any CPU.ActiveCfg = Debug|Any CPU
		{17024338-280E-4618-9220-743E98580F7D}.Debug|Any CPU.Build.0 = Debug|Any CPU
		{17024338-280E-4618-9220-743E98580F7D}.Release|Any CPU.ActiveCfg = Release|Any CPU
		{17024338-280E-4618-9220-743E98580F7D}.Release|Any CPU.Build.0 = Release|Any CPU
		{4F7B2901-E5EC-4E42-96C7-A27B3673B693}.Debug|Any CPU.ActiveCfg = Debug|Any CPU
		{4F7B2901-E5EC-4E42-96C7-A27B3673B693}.Debug|Any CPU.Build.0 = Debug|Any CPU
		{4F7B2901-E5EC-4E42-96C7-A27B3673B693}.Release|Any CPU.ActiveCfg = Release|Any CPU
		{4F7B2901-E5EC-4E42-96C7-A27B3673B693}.Release|Any CPU.Build.0 = Release|Any CPU
		{4F1C5E71-CF04-4DD3-AFD2-71216F6646DC}.Debug|Any CPU.ActiveCfg = Debug|Any CPU
		{4F1C5E71-CF04-4DD3-AFD2-71216F6646DC}.Debug|Any CPU.Build.0 = Debug|Any CPU
		{4F1C5E71-CF04-4DD3-AFD2-71216F6646DC}.Release|Any CPU.ActiveCfg = Release|Any CPU
		{4F1C5E71-CF04-4DD3-AFD2-71216F6646DC}.Release|Any CPU.Build.0 = Release|Any CPU
		{0F2B2ACE-CB79-40BF-8460-494FC4744CFD}.Debug|Any CPU.ActiveCfg = Debug|Any CPU
		{0F2B2ACE-CB79-40BF-8460-494FC4744CFD}.Debug|Any CPU.Build.0 = Debug|Any CPU
		{0F2B2ACE-CB79-40BF-8460-494FC4744CFD}.Release|Any CPU.ActiveCfg = Release|Any CPU
		{0F2B2ACE-CB79-40BF-8460-494FC4744CFD}.Release|Any CPU.Build.0 = Release|Any CPU
	EndGlobalSection
	GlobalSection(SolutionProperties) = preSolution
		HideSolutionNode = FALSE
	EndGlobalSection
	GlobalSection(NestedProjects) = preSolution
		{6F3C12FC-9FB7-4D3E-BFEF-CCBD1165C0C8} = {C1106A0A-50F5-4AF9-82B3-DBA9D9921C2B}
		{2048E2E7-8748-4A77-B54B-1456F484691F} = {36AE9FAC-5B85-41AA-A45D-55839029B45A}
		{98B90D36-B8F7-4BEC-B6A9-307A63860831} = {36AE9FAC-5B85-41AA-A45D-55839029B45A}
		{87C6EFB0-50A1-4D89-87C2-5079F222EAEA} = {36AE9FAC-5B85-41AA-A45D-55839029B45A}
		{53A1EDAA-7C05-4E00-BC5B-E3C033A72801} = {36AE9FAC-5B85-41AA-A45D-55839029B45A}
		{3A936713-AB2E-43E7-BC7E-001702E63BF0} = {36AE9FAC-5B85-41AA-A45D-55839029B45A}
		{C122A3EA-E1B5-4BED-94CC-033CAFCF76CD} = {36AE9FAC-5B85-41AA-A45D-55839029B45A}
		{3DEC9CA1-7559-49D5-8AEA-32A9D8504F0E} = {36AE9FAC-5B85-41AA-A45D-55839029B45A}
		{DE160DE7-B663-4825-81B3-2C2ECB5F18A0} = {36AE9FAC-5B85-41AA-A45D-55839029B45A}
		{EFC9BD87-31DB-4BC8-878F-1150EFEAC47A} = {36AE9FAC-5B85-41AA-A45D-55839029B45A}
		{10EF6941-47FC-445D-A81A-D4D69B520207} = {36AE9FAC-5B85-41AA-A45D-55839029B45A}
		{ECDC96DC-5616-45B1-B47E-F85EB62B0BB3} = {36AE9FAC-5B85-41AA-A45D-55839029B45A}
		{61A80677-1E65-4568-80BE-AA34A1036DD6} = {36AE9FAC-5B85-41AA-A45D-55839029B45A}
		{C4C02114-10E8-4724-8AF6-C0EE2366A238} = {36AE9FAC-5B85-41AA-A45D-55839029B45A}
		{41436714-BC24-462B-A976-44083184903D} = {36AE9FAC-5B85-41AA-A45D-55839029B45A}
		{6A3F2C36-16DF-40CD-AA16-C577AFF9709B} = {36AE9FAC-5B85-41AA-A45D-55839029B45A}
		{B0BC82C8-2720-4442-AB29-E153F81C1825} = {FB8BDFC4-ADD1-4A1A-935A-C4035C430752}
		{E2BAA354-E551-4F53-B1E2-060CAF8A1FC6} = {FB8BDFC4-ADD1-4A1A-935A-C4035C430752}
		{C99172A0-A011-49E2-B20E-16C9A656DE04} = {FB8BDFC4-ADD1-4A1A-935A-C4035C430752}
		{38784B7E-F7DA-4F25-8365-38B44DEE0541} = {FB8BDFC4-ADD1-4A1A-935A-C4035C430752}
		{26FDE320-0B84-4C20-8C1A-238D73FC81C5} = {FB8BDFC4-ADD1-4A1A-935A-C4035C430752}
		{342CB538-E7DE-447F-86D2-54B7D6DED9D2} = {FB8BDFC4-ADD1-4A1A-935A-C4035C430752}
		{9A722D94-3CD2-4C63-A944-ABC06B8D6CBC} = {FB8BDFC4-ADD1-4A1A-935A-C4035C430752}
		{F3E1CA42-0622-4F5F-B929-9BA2C005103A} = {FB8BDFC4-ADD1-4A1A-935A-C4035C430752}
		{3460DB67-F4FC-4FD6-811F-1638CB03BD02} = {FB8BDFC4-ADD1-4A1A-935A-C4035C430752}
		{6BF44159-9BAA-4EC9-B436-74CAB786DA61} = {FB8BDFC4-ADD1-4A1A-935A-C4035C430752}
		{17024338-280E-4618-9220-743E98580F7D} = {03B06D69-1315-4183-BF0A-4F13B86536E1}
		{4F7B2901-E5EC-4E42-96C7-A27B3673B693} = {03B06D69-1315-4183-BF0A-4F13B86536E1}
		{4F1C5E71-CF04-4DD3-AFD2-71216F6646DC} = {E4E35705-5DB4-447C-92CE-A7BAF87AEF7B}
		{0F2B2ACE-CB79-40BF-8460-494FC4744CFD} = {E4E35705-5DB4-447C-92CE-A7BAF87AEF7B}
	EndGlobalSection
	GlobalSection(ExtensibilityGlobals) = postSolution
		SolutionGuid = {4950D924-E3F5-4D7E-AFA1-02C34BA9F9D0}
	EndGlobalSection
EndGlobal
