
Microsoft Visual Studio Solution File, Format Version 12.00
# Visual Studio Version 17
VisualStudioVersion = 17.4.33213.308
MinimumVisualStudioVersion = 10.0.40219.1
Project("{FAE04EC0-301F-11D3-BF4B-00C04F79EFBC}") = "List Patterns", "List Patterns.csproj", "{DD0375BA-1754-4925-A122-FB04F6722CB4}"
EndProject
Global
	GlobalSection(SolutionConfigurationPlatforms) = preSolution
		Debug|Any CPU = Debug|Any CPU
		Release|Any CPU = Release|Any CPU
	EndGlobalSection
	GlobalSection(ProjectConfigurationPlatforms) = postSolution
		{DD0375BA-1754-4925-A122-FB04F6722CB4}.Debug|Any CPU.ActiveCfg = Debug|Any CPU
		{DD0375BA-1754-4925-A122-FB04F6722CB4}.Debug|Any CPU.Build.0 = Debug|Any CPU
		{DD0375BA-1754-4925-A122-FB04F6722CB4}.Release|Any CPU.ActiveCfg = Release|Any CPU
		{DD0375BA-1754-4925-A122-FB04F6722CB4}.Release|Any CPU.Build.0 = Release|Any CPU
	EndGlobalSection
	GlobalSection(SolutionProperties) = preSolution
		HideSolutionNode = FALSE
	EndGlobalSection
	GlobalSection(ExtensibilityGlobals) = postSolution
		SolutionGuid = {A82F130C-3F4E-462A-AD83-F6695C9ED873}
	EndGlobalSection
EndGlobal
