
Microsoft Visual Studio Solution File, Format Version 12.00
# Visual Studio Version 17
VisualStudioVersion = 17.9.34728.123
MinimumVisualStudioVersion = 10.0.40219.1
Project("{9A19103F-16F7-4668-BE54-9A1E7A4F7556}") = "Data", "Data\Data.csproj", "{617CB72F-4035-4B9C-ABB0-793E164B13DF}"
EndProject
Project("{2150E333-8FDC-42A3-9474-1A3956D46DE8}") = "A - Exceptions", "A - Exceptions", "{7523EB36-9991-42A1-A5CC-1200E86EF16A}"
EndProject
Project("{9A19103F-16F7-4668-BE54-9A1E7A4F7556}") = "03 - Exception Filters Begin", "A\03 - Exception Filters Begin\03 - Exception Filters Begin.csproj", "{23141519-F605-408B-B3B3-F4E4133B4934}"
EndProject
Project("{9A19103F-16F7-4668-BE54-9A1E7A4F7556}") = "03 - Exception Filters Complete", "A\03 - Exception Filters Complete\03 - Exception Filters Complete.csproj", "{77043F74-126E-4BB6-A6AC-95577A56EA44}"
EndProject
Project("{9A19103F-16F7-4668-BE54-9A1E7A4F7556}") = "04 - Rethrowing Exceptions Begin", "A\04 - Rethrowing Exceptions Begin\04 - Rethrowing Exceptions Begin.csproj", "{F49833F9-BC5E-43A8-AE6B-BC6C38CB8407}"
EndProject
Project("{9A19103F-16F7-4668-BE54-9A1E7A4F7556}") = "04 - Rethrowing Exceptions Complete", "A\04 - Rethrowing Exceptions Complete\04 - Rethrowing Exceptions Complete.csproj", "{14C313C8-E6DF-4DD9-84A6-92A649A5898D}"
EndProject
Project("{9A19103F-16F7-4668-BE54-9A1E7A4F7556}") = "06 - Throw Expressions", "A\06 - Throw Expressions\06 - Throw Expressions.csproj", "{CB4C63BD-B568-42A3-A7EF-E4ADC84BDDB8}"
EndProject
Project("{2150E333-8FDC-42A3-9474-1A3956D46DE8}") = "B - Pattern Matching", "B - Pattern Matching", "{2CDABB24-934C-453E-9A36-79DC8C88EF61}"
EndProject
Project("{9A19103F-16F7-4668-BE54-9A1E7A4F7556}") = "01 - To Be or Not To Be Null", "B\01 - To Be or Not To Be Null\01 - To Be or Not To Be Null.csproj", "{79EF65B1-D081-4EFF-8D7A-82FE40167BDD}"
EndProject
Project("{9A19103F-16F7-4668-BE54-9A1E7A4F7556}") = "02 - Positional Patterns", "B\02 - Positional Patterns\02 - Positional Patterns.csproj", "{F41C190B-8C98-40B9-B94F-9DC9E1988062}"
EndProject
Project("{9A19103F-16F7-4668-BE54-9A1E7A4F7556}") = "03 - The Edge of Pattern Matching Begin", "B\03 - The Edge of Pattern Matching Begin\03 - The Edge of Pattern Matching Begin.csproj", "{EFA48D28-6178-4DF7-849B-464868A8C83C}"
EndProject
Project("{9A19103F-16F7-4668-BE54-9A1E7A4F7556}") = "03 - The Edge of Pattern Matching Complete", "B\03 - The Edge of Pattern Matching Complete\03 - The Edge of Pattern Matching Complete.csproj", "{5947FF6C-FB5C-401D-8EC1-88B99B2F3C01}"
EndProject
Project("{2150E333-8FDC-42A3-9474-1A3956D46DE8}") = "C - Collections", "C - Collections", "{FA172534-B683-4182-AF7F-3AD3D443BFC3}"
EndProject
Project("{9A19103F-16F7-4668-BE54-9A1E7A4F7556}") = "03 - PriorityQueue", "C\03 - PriorityQueue\03 - PriorityQueue.csproj", "{11CEB3C2-CD31-4C75-BC2E-29707FC14FED}"
EndProject
Project("{2150E333-8FDC-42A3-9474-1A3956D46DE8}") = "D - LINQ", "D - LINQ", "{C771E805-17BF-4851-8126-8F08BEB506B8}"
EndProject
Project("{9A19103F-16F7-4668-BE54-9A1E7A4F7556}") = "01 - New LINQ Extensions Begin", "D\01 - New LINQ Extensions Begin\01 - New LINQ Extensions Begin.csproj", "{9AB9301F-E646-4084-8DEB-F0143577FA75}"
EndProject
Project("{9A19103F-16F7-4668-BE54-9A1E7A4F7556}") = "01 - New LINQ Extensions Complete", "D\01 - New LINQ Extensions Complete\01 - New LINQ Extensions Complete.csproj", "{B254EF3F-7F46-4B89-89CD-A15DE3F1D8FB}"
EndProject
Project("{9A19103F-16F7-4668-BE54-9A1E7A4F7556}") = "02 - LINQ Movie Buffs Begin", "D\02 - LINQ Movie Buffs Begin\02 - LINQ Movie Buffs Begin.csproj", "{A29FF20B-C9C4-46E6-A324-D36863F49766}"
EndProject
Project("{9A19103F-16F7-4668-BE54-9A1E7A4F7556}") = "02 - LINQ Movie Buffs Complete", "D\02 - LINQ Movie Buffs Complete\02 - LINQ Movie Buffs Complete.csproj", "{C3C5A4F9-6B7A-4059-9C10-05A8710FD283}"
EndProject
Project("{9A19103F-16F7-4668-BE54-9A1E7A4F7556}") = "03 - Fibonacci Numbers Begin", "D\03 - Fibonacci Numbers Begin\03 - Fibonacci Numbers Begin.csproj", "{B5952D23-8537-40BD-8830-5D5232F047A2}"
EndProject
Project("{9A19103F-16F7-4668-BE54-9A1E7A4F7556}") = "03 - Fibonacci Numbers Complete", "D\03 - Fibonacci Numbers Complete\03 - Fibonacci Numbers Complete.csproj", "{F6A46F1E-5249-4562-A945-B50A0F141925}"
EndProject
Project("{2150E333-8FDC-42A3-9474-1A3956D46DE8}") = "E - Extensions", "E - Extensions", "{5174849C-2D55-4611-9519-75187726FE0F}"
EndProject
Project("{9A19103F-16F7-4668-BE54-9A1E7A4F7556}") = "01 - Extension Methods Begin", "E\01 - Extension Methods Begin\01 - Extension Methods Begin.csproj", "{A8AEAAB2-EA10-49B6-A739-65EDADAFAF24}"
EndProject
Project("{9A19103F-16F7-4668-BE54-9A1E7A4F7556}") = "01 - Extension Methods Complete", "E\01 - Extension Methods Complete\01 - Extension Methods Complete.csproj", "{AAF7C662-B15F-40BF-9BAE-388A275658F1}"
EndProject
Project("{9A19103F-16F7-4668-BE54-9A1E7A4F7556}") = "02 - Extending Interfaces", "E\02 - Extending Interfaces\02 - Extending Interfaces.csproj", "{FC53B77F-5809-4148-A3EA-90348849B034}"
EndProject
Project("{9A19103F-16F7-4668-BE54-9A1E7A4F7556}") = "03 - Collection Initializer Extensions", "E\03 - Collection Initializer Extensions\03 - Collection Initializer Extensions.csproj", "{8ABC132C-6CF7-41CE-B663-2F0CA49EC9A1}"
EndProject
Project("{9A19103F-16F7-4668-BE54-9A1E7A4F7556}") = "04 - Extension Enumerables", "E\04 - Extension Enumerables\04 - Extension Enumerables.csproj", "{F7FF7766-E979-4E72-93DB-0956418C9C01}"
EndProject
Project("{9A19103F-16F7-4668-BE54-9A1E7A4F7556}") = "05 - Extension Deconstructors Begin", "E\05 - Extension Deconstructors Begin\05 - Extension Deconstructors Begin.csproj", "{8A0A355D-E9CF-4EC1-8F2F-650DADC62FD5}"
EndProject
Project("{9A19103F-16F7-4668-BE54-9A1E7A4F7556}") = "05 - Extension Deconstructors Complete", "E\05 - Extension Deconstructors Complete\05 - Extension Deconstructors Complete.csproj", "{C8DDA836-C009-4B8E-B615-9CCB7D6F1744}"
EndProject
Project("{9A19103F-16F7-4668-BE54-9A1E7A4F7556}") = "06 - Index and Range for Custom Types", "E\06 - Index and Range for Custom Types\06 - Index and Range for Custom Types.csproj", "{B8856D8D-ECA7-46AC-859D-2790AF9554FB}"
EndProject
Project("{2150E333-8FDC-42A3-9474-1A3956D46DE8}") = "F - Spans and Performance", "F - Spans and Performance", "{58C81CE3-373E-46C0-AB9F-8DCE75E37568}"
EndProject
Project("{9A19103F-16F7-4668-BE54-9A1E7A4F7556}") = "01 - Span", "F\01 - Span\01 - Span.csproj", "{A106AAA5-34D6-40B2-B8E0-4E628F4610CB}"
EndProject
Project("{9A19103F-16F7-4668-BE54-9A1E7A4F7556}") = "02 - Performance", "F\02 - Performance\02 - Performance.csproj", "{A2C30AEC-AF26-4579-ACCE-0E003E09CB9F}"
EndProject
Project("{2150E333-8FDC-42A3-9474-1A3956D46DE8}") = "G - Tuples and Records", "G - Tuples and Records", "{816F9988-FE9F-4240-8BD8-8E6DE7B77E0B}"
EndProject
Project("{9A19103F-16F7-4668-BE54-9A1E7A4F7556}") = "01 - Dictionary Problems", "G\01 - Dictionary Problems\01 - Dictionary Problems.csproj", "{E7F2C214-1F1E-402B-BE18-4CCBC16D7411}"
EndProject
Project("{9A19103F-16F7-4668-BE54-9A1E7A4F7556}") = "02 - Records as Keys Complete", "G\02 - Records as Keys Complete\02 - Records as Keys Complete.csproj", "{749AF4A7-FAC1-4A95-9D6A-89499328906C}"
EndProject
Project("{9A19103F-16F7-4668-BE54-9A1E7A4F7556}") = "03 - Web API DTOs", "G\03 - Web API DTOs\03 - Web API DTOs.csproj", "{ADAD6C56-4958-4E1F-AD18-815EB4C4F0E0}"
EndProject
Project("{9A19103F-16F7-4668-BE54-9A1E7A4F7556}") = "04 - Are Tuples Dead", "G\04 - Are Tuples Dead\04 - Are Tuples Dead.csproj", "{CAFB7C29-69D8-4C60-9A07-E2681865BA8B}"
EndProject
Project("{2150E333-8FDC-42A3-9474-1A3956D46DE8}") = "H - Diagnostics and Debugging", "H - Diagnostics and Debugging", "{E7ADBDA8-9F19-4D05-B33E-6F34B8E09F6E}"
EndProject
Project("{9A19103F-16F7-4668-BE54-9A1E7A4F7556}") = "01 - Caller Info Attributes Revisited", "H\01 - Caller Info Attributes Revisited\01 - Caller Info Attributes Revisited.csproj", "{8C433960-CFF2-4AAB-93AE-5A0F05BC21A9}"
EndProject
Project("{9A19103F-16F7-4668-BE54-9A1E7A4F7556}") = "02 - Caller Argument Expression", "H\02 - Caller Argument Expression\02 - Caller Argument Expression.csproj", "{2065C052-631B-40B5-B7D0-2E8F3A73BADB}"
EndProject
Project("{9A19103F-16F7-4668-BE54-9A1E7A4F7556}") = "03 - Sample LINQ Extension", "H\03 - Sample LINQ Extension\03 - Sample LINQ Extension.csproj", "{A05033F9-5BFB-4641-90B2-975364892F0E}"
EndProject
Project("{9A19103F-16F7-4668-BE54-9A1E7A4F7556}") = "04 - Controlling Appearance", "H\04 - Controlling Appearance\04 - Controlling Appearance.csproj", "{F4F13F6A-F2F3-4922-9111-3E4FEC3555C1}"
EndProject
Global
	GlobalSection(SolutionConfigurationPlatforms) = preSolution
		Debug|Any CPU = Debug|Any CPU
		Release|Any CPU = Release|Any CPU
	EndGlobalSection
	GlobalSection(ProjectConfigurationPlatforms) = postSolution
		{617CB72F-4035-4B9C-ABB0-793E164B13DF}.Debug|Any CPU.ActiveCfg = Debug|Any CPU
		{617CB72F-4035-4B9C-ABB0-793E164B13DF}.Debug|Any CPU.Build.0 = Debug|Any CPU
		{617CB72F-4035-4B9C-ABB0-793E164B13DF}.Release|Any CPU.ActiveCfg = Release|Any CPU
		{617CB72F-4035-4B9C-ABB0-793E164B13DF}.Release|Any CPU.Build.0 = Release|Any CPU
		{23141519-F605-408B-B3B3-F4E4133B4934}.Debug|Any CPU.ActiveCfg = Debug|Any CPU
		{23141519-F605-408B-B3B3-F4E4133B4934}.Debug|Any CPU.Build.0 = Debug|Any CPU
		{23141519-F605-408B-B3B3-F4E4133B4934}.Release|Any CPU.ActiveCfg = Release|Any CPU
		{23141519-F605-408B-B3B3-F4E4133B4934}.Release|Any CPU.Build.0 = Release|Any CPU
		{77043F74-126E-4BB6-A6AC-95577A56EA44}.Debug|Any CPU.ActiveCfg = Debug|Any CPU
		{77043F74-126E-4BB6-A6AC-95577A56EA44}.Debug|Any CPU.Build.0 = Debug|Any CPU
		{77043F74-126E-4BB6-A6AC-95577A56EA44}.Release|Any CPU.ActiveCfg = Release|Any CPU
		{77043F74-126E-4BB6-A6AC-95577A56EA44}.Release|Any CPU.Build.0 = Release|Any CPU
		{F49833F9-BC5E-43A8-AE6B-BC6C38CB8407}.Debug|Any CPU.ActiveCfg = Debug|Any CPU
		{F49833F9-BC5E-43A8-AE6B-BC6C38CB8407}.Debug|Any CPU.Build.0 = Debug|Any CPU
		{F49833F9-BC5E-43A8-AE6B-BC6C38CB8407}.Release|Any CPU.ActiveCfg = Release|Any CPU
		{F49833F9-BC5E-43A8-AE6B-BC6C38CB8407}.Release|Any CPU.Build.0 = Release|Any CPU
		{14C313C8-E6DF-4DD9-84A6-92A649A5898D}.Debug|Any CPU.ActiveCfg = Debug|Any CPU
		{14C313C8-E6DF-4DD9-84A6-92A649A5898D}.Debug|Any CPU.Build.0 = Debug|Any CPU
		{14C313C8-E6DF-4DD9-84A6-92A649A5898D}.Release|Any CPU.ActiveCfg = Release|Any CPU
		{14C313C8-E6DF-4DD9-84A6-92A649A5898D}.Release|Any CPU.Build.0 = Release|Any CPU
		{CB4C63BD-B568-42A3-A7EF-E4ADC84BDDB8}.Debug|Any CPU.ActiveCfg = Debug|Any CPU
		{CB4C63BD-B568-42A3-A7EF-E4ADC84BDDB8}.Debug|Any CPU.Build.0 = Debug|Any CPU
		{CB4C63BD-B568-42A3-A7EF-E4ADC84BDDB8}.Release|Any CPU.ActiveCfg = Release|Any CPU
		{CB4C63BD-B568-42A3-A7EF-E4ADC84BDDB8}.Release|Any CPU.Build.0 = Release|Any CPU
		{79EF65B1-D081-4EFF-8D7A-82FE40167BDD}.Debug|Any CPU.ActiveCfg = Debug|Any CPU
		{79EF65B1-D081-4EFF-8D7A-82FE40167BDD}.Debug|Any CPU.Build.0 = Debug|Any CPU
		{79EF65B1-D081-4EFF-8D7A-82FE40167BDD}.Release|Any CPU.ActiveCfg = Release|Any CPU
		{79EF65B1-D081-4EFF-8D7A-82FE40167BDD}.Release|Any CPU.Build.0 = Release|Any CPU
		{F41C190B-8C98-40B9-B94F-9DC9E1988062}.Debug|Any CPU.ActiveCfg = Debug|Any CPU
		{F41C190B-8C98-40B9-B94F-9DC9E1988062}.Debug|Any CPU.Build.0 = Debug|Any CPU
		{F41C190B-8C98-40B9-B94F-9DC9E1988062}.Release|Any CPU.ActiveCfg = Release|Any CPU
		{F41C190B-8C98-40B9-B94F-9DC9E1988062}.Release|Any CPU.Build.0 = Release|Any CPU
		{EFA48D28-6178-4DF7-849B-464868A8C83C}.Debug|Any CPU.ActiveCfg = Debug|Any CPU
		{EFA48D28-6178-4DF7-849B-464868A8C83C}.Debug|Any CPU.Build.0 = Debug|Any CPU
		{EFA48D28-6178-4DF7-849B-464868A8C83C}.Release|Any CPU.ActiveCfg = Release|Any CPU
		{EFA48D28-6178-4DF7-849B-464868A8C83C}.Release|Any CPU.Build.0 = Release|Any CPU
		{5947FF6C-FB5C-401D-8EC1-88B99B2F3C01}.Debug|Any CPU.ActiveCfg = Debug|Any CPU
		{5947FF6C-FB5C-401D-8EC1-88B99B2F3C01}.Debug|Any CPU.Build.0 = Debug|Any CPU
		{5947FF6C-FB5C-401D-8EC1-88B99B2F3C01}.Release|Any CPU.ActiveCfg = Release|Any CPU
		{5947FF6C-FB5C-401D-8EC1-88B99B2F3C01}.Release|Any CPU.Build.0 = Release|Any CPU
		{11CEB3C2-CD31-4C75-BC2E-29707FC14FED}.Debug|Any CPU.ActiveCfg = Debug|Any CPU
		{11CEB3C2-CD31-4C75-BC2E-29707FC14FED}.Debug|Any CPU.Build.0 = Debug|Any CPU
		{11CEB3C2-CD31-4C75-BC2E-29707FC14FED}.Release|Any CPU.ActiveCfg = Release|Any CPU
		{11CEB3C2-CD31-4C75-BC2E-29707FC14FED}.Release|Any CPU.Build.0 = Release|Any CPU
		{9AB9301F-E646-4084-8DEB-F0143577FA75}.Debug|Any CPU.ActiveCfg = Debug|Any CPU
		{9AB9301F-E646-4084-8DEB-F0143577FA75}.Debug|Any CPU.Build.0 = Debug|Any CPU
		{9AB9301F-E646-4084-8DEB-F0143577FA75}.Release|Any CPU.ActiveCfg = Release|Any CPU
		{9AB9301F-E646-4084-8DEB-F0143577FA75}.Release|Any CPU.Build.0 = Release|Any CPU
		{B254EF3F-7F46-4B89-89CD-A15DE3F1D8FB}.Debug|Any CPU.ActiveCfg = Debug|Any CPU
		{B254EF3F-7F46-4B89-89CD-A15DE3F1D8FB}.Debug|Any CPU.Build.0 = Debug|Any CPU
		{B254EF3F-7F46-4B89-89CD-A15DE3F1D8FB}.Release|Any CPU.ActiveCfg = Release|Any CPU
		{B254EF3F-7F46-4B89-89CD-A15DE3F1D8FB}.Release|Any CPU.Build.0 = Release|Any CPU
		{A29FF20B-C9C4-46E6-A324-D36863F49766}.Debug|Any CPU.ActiveCfg = Debug|Any CPU
		{A29FF20B-C9C4-46E6-A324-D36863F49766}.Debug|Any CPU.Build.0 = Debug|Any CPU
		{A29FF20B-C9C4-46E6-A324-D36863F49766}.Release|Any CPU.ActiveCfg = Release|Any CPU
		{A29FF20B-C9C4-46E6-A324-D36863F49766}.Release|Any CPU.Build.0 = Release|Any CPU
		{C3C5A4F9-6B7A-4059-9C10-05A8710FD283}.Debug|Any CPU.ActiveCfg = Debug|Any CPU
		{C3C5A4F9-6B7A-4059-9C10-05A8710FD283}.Debug|Any CPU.Build.0 = Debug|Any CPU
		{C3C5A4F9-6B7A-4059-9C10-05A8710FD283}.Release|Any CPU.ActiveCfg = Release|Any CPU
		{C3C5A4F9-6B7A-4059-9C10-05A8710FD283}.Release|Any CPU.Build.0 = Release|Any CPU
		{B5952D23-8537-40BD-8830-5D5232F047A2}.Debug|Any CPU.ActiveCfg = Debug|Any CPU
		{B5952D23-8537-40BD-8830-5D5232F047A2}.Debug|Any CPU.Build.0 = Debug|Any CPU
		{B5952D23-8537-40BD-8830-5D5232F047A2}.Release|Any CPU.ActiveCfg = Release|Any CPU
		{B5952D23-8537-40BD-8830-5D5232F047A2}.Release|Any CPU.Build.0 = Release|Any CPU
		{F6A46F1E-5249-4562-A945-B50A0F141925}.Debug|Any CPU.ActiveCfg = Debug|Any CPU
		{F6A46F1E-5249-4562-A945-B50A0F141925}.Debug|Any CPU.Build.0 = Debug|Any CPU
		{F6A46F1E-5249-4562-A945-B50A0F141925}.Release|Any CPU.ActiveCfg = Release|Any CPU
		{F6A46F1E-5249-4562-A945-B50A0F141925}.Release|Any CPU.Build.0 = Release|Any CPU
		{A8AEAAB2-EA10-49B6-A739-65EDADAFAF24}.Debug|Any CPU.ActiveCfg = Debug|Any CPU
		{A8AEAAB2-EA10-49B6-A739-65EDADAFAF24}.Debug|Any CPU.Build.0 = Debug|Any CPU
		{A8AEAAB2-EA10-49B6-A739-65EDADAFAF24}.Release|Any CPU.ActiveCfg = Release|Any CPU
		{A8AEAAB2-EA10-49B6-A739-65EDADAFAF24}.Release|Any CPU.Build.0 = Release|Any CPU
		{AAF7C662-B15F-40BF-9BAE-388A275658F1}.Debug|Any CPU.ActiveCfg = Debug|Any CPU
		{AAF7C662-B15F-40BF-9BAE-388A275658F1}.Debug|Any CPU.Build.0 = Debug|Any CPU
		{AAF7C662-B15F-40BF-9BAE-388A275658F1}.Release|Any CPU.ActiveCfg = Release|Any CPU
		{AAF7C662-B15F-40BF-9BAE-388A275658F1}.Release|Any CPU.Build.0 = Release|Any CPU
		{FC53B77F-5809-4148-A3EA-90348849B034}.Debug|Any CPU.ActiveCfg = Debug|Any CPU
		{FC53B77F-5809-4148-A3EA-90348849B034}.Debug|Any CPU.Build.0 = Debug|Any CPU
		{FC53B77F-5809-4148-A3EA-90348849B034}.Release|Any CPU.ActiveCfg = Release|Any CPU
		{FC53B77F-5809-4148-A3EA-90348849B034}.Release|Any CPU.Build.0 = Release|Any CPU
		{8ABC132C-6CF7-41CE-B663-2F0CA49EC9A1}.Debug|Any CPU.ActiveCfg = Debug|Any CPU
		{8ABC132C-6CF7-41CE-B663-2F0CA49EC9A1}.Debug|Any CPU.Build.0 = Debug|Any CPU
		{8ABC132C-6CF7-41CE-B663-2F0CA49EC9A1}.Release|Any CPU.ActiveCfg = Release|Any CPU
		{8ABC132C-6CF7-41CE-B663-2F0CA49EC9A1}.Release|Any CPU.Build.0 = Release|Any CPU
		{F7FF7766-E979-4E72-93DB-0956418C9C01}.Debug|Any CPU.ActiveCfg = Debug|Any CPU
		{F7FF7766-E979-4E72-93DB-0956418C9C01}.Debug|Any CPU.Build.0 = Debug|Any CPU
		{F7FF7766-E979-4E72-93DB-0956418C9C01}.Release|Any CPU.ActiveCfg = Release|Any CPU
		{F7FF7766-E979-4E72-93DB-0956418C9C01}.Release|Any CPU.Build.0 = Release|Any CPU
		{8A0A355D-E9CF-4EC1-8F2F-650DADC62FD5}.Debug|Any CPU.ActiveCfg = Debug|Any CPU
		{8A0A355D-E9CF-4EC1-8F2F-650DADC62FD5}.Debug|Any CPU.Build.0 = Debug|Any CPU
		{8A0A355D-E9CF-4EC1-8F2F-650DADC62FD5}.Release|Any CPU.ActiveCfg = Release|Any CPU
		{8A0A355D-E9CF-4EC1-8F2F-650DADC62FD5}.Release|Any CPU.Build.0 = Release|Any CPU
		{C8DDA836-C009-4B8E-B615-9CCB7D6F1744}.Debug|Any CPU.ActiveCfg = Debug|Any CPU
		{C8DDA836-C009-4B8E-B615-9CCB7D6F1744}.Debug|Any CPU.Build.0 = Debug|Any CPU
		{C8DDA836-C009-4B8E-B615-9CCB7D6F1744}.Release|Any CPU.ActiveCfg = Release|Any CPU
		{C8DDA836-C009-4B8E-B615-9CCB7D6F1744}.Release|Any CPU.Build.0 = Release|Any CPU
		{B8856D8D-ECA7-46AC-859D-2790AF9554FB}.Debug|Any CPU.ActiveCfg = Debug|Any CPU
		{B8856D8D-ECA7-46AC-859D-2790AF9554FB}.Debug|Any CPU.Build.0 = Debug|Any CPU
		{B8856D8D-ECA7-46AC-859D-2790AF9554FB}.Release|Any CPU.ActiveCfg = Release|Any CPU
		{B8856D8D-ECA7-46AC-859D-2790AF9554FB}.Release|Any CPU.Build.0 = Release|Any CPU
		{A106AAA5-34D6-40B2-B8E0-4E628F4610CB}.Debug|Any CPU.ActiveCfg = Debug|Any CPU
		{A106AAA5-34D6-40B2-B8E0-4E628F4610CB}.Debug|Any CPU.Build.0 = Debug|Any CPU
		{A106AAA5-34D6-40B2-B8E0-4E628F4610CB}.Release|Any CPU.ActiveCfg = Release|Any CPU
		{A106AAA5-34D6-40B2-B8E0-4E628F4610CB}.Release|Any CPU.Build.0 = Release|Any CPU
		{A2C30AEC-AF26-4579-ACCE-0E003E09CB9F}.Debug|Any CPU.ActiveCfg = Debug|Any CPU
		{A2C30AEC-AF26-4579-ACCE-0E003E09CB9F}.Debug|Any CPU.Build.0 = Debug|Any CPU
		{A2C30AEC-AF26-4579-ACCE-0E003E09CB9F}.Release|Any CPU.ActiveCfg = Release|Any CPU
		{A2C30AEC-AF26-4579-ACCE-0E003E09CB9F}.Release|Any CPU.Build.0 = Release|Any CPU
		{E7F2C214-1F1E-402B-BE18-4CCBC16D7411}.Debug|Any CPU.ActiveCfg = Debug|Any CPU
		{E7F2C214-1F1E-402B-BE18-4CCBC16D7411}.Debug|Any CPU.Build.0 = Debug|Any CPU
		{E7F2C214-1F1E-402B-BE18-4CCBC16D7411}.Release|Any CPU.ActiveCfg = Release|Any CPU
		{E7F2C214-1F1E-402B-BE18-4CCBC16D7411}.Release|Any CPU.Build.0 = Release|Any CPU
		{749AF4A7-FAC1-4A95-9D6A-89499328906C}.Debug|Any CPU.ActiveCfg = Debug|Any CPU
		{749AF4A7-FAC1-4A95-9D6A-89499328906C}.Debug|Any CPU.Build.0 = Debug|Any CPU
		{749AF4A7-FAC1-4A95-9D6A-89499328906C}.Release|Any CPU.ActiveCfg = Release|Any CPU
		{749AF4A7-FAC1-4A95-9D6A-89499328906C}.Release|Any CPU.Build.0 = Release|Any CPU
		{ADAD6C56-4958-4E1F-AD18-815EB4C4F0E0}.Debug|Any CPU.ActiveCfg = Debug|Any CPU
		{ADAD6C56-4958-4E1F-AD18-815EB4C4F0E0}.Debug|Any CPU.Build.0 = Debug|Any CPU
		{ADAD6C56-4958-4E1F-AD18-815EB4C4F0E0}.Release|Any CPU.ActiveCfg = Release|Any CPU
		{ADAD6C56-4958-4E1F-AD18-815EB4C4F0E0}.Release|Any CPU.Build.0 = Release|Any CPU
		{CAFB7C29-69D8-4C60-9A07-E2681865BA8B}.Debug|Any CPU.ActiveCfg = Debug|Any CPU
		{CAFB7C29-69D8-4C60-9A07-E2681865BA8B}.Debug|Any CPU.Build.0 = Debug|Any CPU
		{CAFB7C29-69D8-4C60-9A07-E2681865BA8B}.Release|Any CPU.ActiveCfg = Release|Any CPU
		{CAFB7C29-69D8-4C60-9A07-E2681865BA8B}.Release|Any CPU.Build.0 = Release|Any CPU
		{8C433960-CFF2-4AAB-93AE-5A0F05BC21A9}.Debug|Any CPU.ActiveCfg = Debug|Any CPU
		{8C433960-CFF2-4AAB-93AE-5A0F05BC21A9}.Debug|Any CPU.Build.0 = Debug|Any CPU
		{8C433960-CFF2-4AAB-93AE-5A0F05BC21A9}.Release|Any CPU.ActiveCfg = Release|Any CPU
		{8C433960-CFF2-4AAB-93AE-5A0F05BC21A9}.Release|Any CPU.Build.0 = Release|Any CPU
		{2065C052-631B-40B5-B7D0-2E8F3A73BADB}.Debug|Any CPU.ActiveCfg = Debug|Any CPU
		{2065C052-631B-40B5-B7D0-2E8F3A73BADB}.Debug|Any CPU.Build.0 = Debug|Any CPU
		{2065C052-631B-40B5-B7D0-2E8F3A73BADB}.Release|Any CPU.ActiveCfg = Release|Any CPU
		{2065C052-631B-40B5-B7D0-2E8F3A73BADB}.Release|Any CPU.Build.0 = Release|Any CPU
		{A05033F9-5BFB-4641-90B2-975364892F0E}.Debug|Any CPU.ActiveCfg = Debug|Any CPU
		{A05033F9-5BFB-4641-90B2-975364892F0E}.Debug|Any CPU.Build.0 = Debug|Any CPU
		{A05033F9-5BFB-4641-90B2-975364892F0E}.Release|Any CPU.ActiveCfg = Release|Any CPU
		{A05033F9-5BFB-4641-90B2-975364892F0E}.Release|Any CPU.Build.0 = Release|Any CPU
		{F4F13F6A-F2F3-4922-9111-3E4FEC3555C1}.Debug|Any CPU.ActiveCfg = Debug|Any CPU
		{F4F13F6A-F2F3-4922-9111-3E4FEC3555C1}.Debug|Any CPU.Build.0 = Debug|Any CPU
		{F4F13F6A-F2F3-4922-9111-3E4FEC3555C1}.Release|Any CPU.ActiveCfg = Release|Any CPU
		{F4F13F6A-F2F3-4922-9111-3E4FEC3555C1}.Release|Any CPU.Build.0 = Release|Any CPU
	EndGlobalSection
	GlobalSection(SolutionProperties) = preSolution
		HideSolutionNode = FALSE
	EndGlobalSection
	GlobalSection(NestedProjects) = preSolution
		{23141519-F605-408B-B3B3-F4E4133B4934} = {7523EB36-9991-42A1-A5CC-1200E86EF16A}
		{77043F74-126E-4BB6-A6AC-95577A56EA44} = {7523EB36-9991-42A1-A5CC-1200E86EF16A}
		{F49833F9-BC5E-43A8-AE6B-BC6C38CB8407} = {7523EB36-9991-42A1-A5CC-1200E86EF16A}
		{14C313C8-E6DF-4DD9-84A6-92A649A5898D} = {7523EB36-9991-42A1-A5CC-1200E86EF16A}
		{CB4C63BD-B568-42A3-A7EF-E4ADC84BDDB8} = {7523EB36-9991-42A1-A5CC-1200E86EF16A}
		{79EF65B1-D081-4EFF-8D7A-82FE40167BDD} = {2CDABB24-934C-453E-9A36-79DC8C88EF61}
		{F41C190B-8C98-40B9-B94F-9DC9E1988062} = {2CDABB24-934C-453E-9A36-79DC8C88EF61}
		{EFA48D28-6178-4DF7-849B-464868A8C83C} = {2CDABB24-934C-453E-9A36-79DC8C88EF61}
		{5947FF6C-FB5C-401D-8EC1-88B99B2F3C01} = {2CDABB24-934C-453E-9A36-79DC8C88EF61}
		{11CEB3C2-CD31-4C75-BC2E-29707FC14FED} = {FA172534-B683-4182-AF7F-3AD3D443BFC3}
		{9AB9301F-E646-4084-8DEB-F0143577FA75} = {C771E805-17BF-4851-8126-8F08BEB506B8}
		{B254EF3F-7F46-4B89-89CD-A15DE3F1D8FB} = {C771E805-17BF-4851-8126-8F08BEB506B8}
		{A29FF20B-C9C4-46E6-A324-D36863F49766} = {C771E805-17BF-4851-8126-8F08BEB506B8}
		{C3C5A4F9-6B7A-4059-9C10-05A8710FD283} = {C771E805-17BF-4851-8126-8F08BEB506B8}
		{B5952D23-8537-40BD-8830-5D5232F047A2} = {C771E805-17BF-4851-8126-8F08BEB506B8}
		{F6A46F1E-5249-4562-A945-B50A0F141925} = {C771E805-17BF-4851-8126-8F08BEB506B8}
		{A8AEAAB2-EA10-49B6-A739-65EDADAFAF24} = {5174849C-2D55-4611-9519-75187726FE0F}
		{AAF7C662-B15F-40BF-9BAE-388A275658F1} = {5174849C-2D55-4611-9519-75187726FE0F}
		{FC53B77F-5809-4148-A3EA-90348849B034} = {5174849C-2D55-4611-9519-75187726FE0F}
		{8ABC132C-6CF7-41CE-B663-2F0CA49EC9A1} = {5174849C-2D55-4611-9519-75187726FE0F}
		{F7FF7766-E979-4E72-93DB-0956418C9C01} = {5174849C-2D55-4611-9519-75187726FE0F}
		{8A0A355D-E9CF-4EC1-8F2F-650DADC62FD5} = {5174849C-2D55-4611-9519-75187726FE0F}
		{C8DDA836-C009-4B8E-B615-9CCB7D6F1744} = {5174849C-2D55-4611-9519-75187726FE0F}
		{B8856D8D-ECA7-46AC-859D-2790AF9554FB} = {5174849C-2D55-4611-9519-75187726FE0F}
		{A106AAA5-34D6-40B2-B8E0-4E628F4610CB} = {58C81CE3-373E-46C0-AB9F-8DCE75E37568}
		{A2C30AEC-AF26-4579-ACCE-0E003E09CB9F} = {58C81CE3-373E-46C0-AB9F-8DCE75E37568}
		{E7F2C214-1F1E-402B-BE18-4CCBC16D7411} = {816F9988-FE9F-4240-8BD8-8E6DE7B77E0B}
		{749AF4A7-FAC1-4A95-9D6A-89499328906C} = {816F9988-FE9F-4240-8BD8-8E6DE7B77E0B}
		{ADAD6C56-4958-4E1F-AD18-815EB4C4F0E0} = {816F9988-FE9F-4240-8BD8-8E6DE7B77E0B}
		{CAFB7C29-69D8-4C60-9A07-E2681865BA8B} = {816F9988-FE9F-4240-8BD8-8E6DE7B77E0B}
		{8C433960-CFF2-4AAB-93AE-5A0F05BC21A9} = {E7ADBDA8-9F19-4D05-B33E-6F34B8E09F6E}
		{2065C052-631B-40B5-B7D0-2E8F3A73BADB} = {E7ADBDA8-9F19-4D05-B33E-6F34B8E09F6E}
		{A05033F9-5BFB-4641-90B2-975364892F0E} = {E7ADBDA8-9F19-4D05-B33E-6F34B8E09F6E}
		{F4F13F6A-F2F3-4922-9111-3E4FEC3555C1} = {E7ADBDA8-9F19-4D05-B33E-6F34B8E09F6E}
	EndGlobalSection
	GlobalSection(ExtensibilityGlobals) = postSolution
		SolutionGuid = {551C9FED-1A5B-4386-AC73-533ED74DD0B1}
	EndGlobalSection
EndGlobal
